// !$*UTF8*$!
{
	archiveVersion = 1;
	classes = {
	};
	objectVersion = 50;
	objects = {

/* Begin PBXBuildFile section */
<<<<<<< HEAD
		281D613F25EB9EE900BE59F8 /* main.cpp in Sources */ = {isa = PBXBuildFile; fileRef = 281D613E25EB9EE900BE59F8 /* main.cpp */; };
/* End PBXBuildFile section */

/* Begin PBXCopyFilesBuildPhase section */
		281D613925EB9EE900BE59F8 /* CopyFiles */ = {
=======
		242D437625A441990073C497 /* main.cpp in Sources */ = {isa = PBXBuildFile; fileRef = 242D437525A441990073C497 /* main.cpp */; };
/* End PBXBuildFile section */

/* Begin PBXCopyFilesBuildPhase section */
		242D437025A441990073C497 /* CopyFiles */ = {
>>>>>>> 2d544aaf8852ad1c6874d9c0f253c339e86c2866
			isa = PBXCopyFilesBuildPhase;
			buildActionMask = 2147483647;
			dstPath = /usr/share/man/man1/;
			dstSubfolderSpec = 0;
			files = (
			);
			runOnlyForDeploymentPostprocessing = 1;
		};
/* End PBXCopyFilesBuildPhase section */

/* Begin PBXFileReference section */
<<<<<<< HEAD
		281D613B25EB9EE900BE59F8 /* 1697숨바꼭질_re */ = {isa = PBXFileReference; explicitFileType = "compiled.mach-o.executable"; includeInIndex = 0; path = "1697숨바꼭질_re"; sourceTree = BUILT_PRODUCTS_DIR; };
		281D613E25EB9EE900BE59F8 /* main.cpp */ = {isa = PBXFileReference; lastKnownFileType = sourcecode.cpp.cpp; path = main.cpp; sourceTree = "<group>"; };
/* End PBXFileReference section */

/* Begin PBXFrameworksBuildPhase section */
		281D613825EB9EE900BE59F8 /* Frameworks */ = {
=======
		242D437225A441990073C497 /* 1697숨바꼭질_re */ = {isa = PBXFileReference; explicitFileType = "compiled.mach-o.executable"; includeInIndex = 0; path = "1697숨바꼭질_re"; sourceTree = BUILT_PRODUCTS_DIR; };
		242D437525A441990073C497 /* main.cpp */ = {isa = PBXFileReference; lastKnownFileType = sourcecode.cpp.cpp; path = main.cpp; sourceTree = "<group>"; };
/* End PBXFileReference section */

/* Begin PBXFrameworksBuildPhase section */
		242D436F25A441990073C497 /* Frameworks */ = {
>>>>>>> 2d544aaf8852ad1c6874d9c0f253c339e86c2866
			isa = PBXFrameworksBuildPhase;
			buildActionMask = 2147483647;
			files = (
			);
			runOnlyForDeploymentPostprocessing = 0;
		};
/* End PBXFrameworksBuildPhase section */

/* Begin PBXGroup section */
<<<<<<< HEAD
		281D613225EB9EE900BE59F8 = {
			isa = PBXGroup;
			children = (
				281D613D25EB9EE900BE59F8 /* 1697숨바꼭질_re */,
				281D613C25EB9EE900BE59F8 /* Products */,
			);
			sourceTree = "<group>";
		};
		281D613C25EB9EE900BE59F8 /* Products */ = {
			isa = PBXGroup;
			children = (
				281D613B25EB9EE900BE59F8 /* 1697숨바꼭질_re */,
=======
		242D436925A441990073C497 = {
			isa = PBXGroup;
			children = (
				242D437425A441990073C497 /* 1697숨바꼭질_re */,
				242D437325A441990073C497 /* Products */,
			);
			sourceTree = "<group>";
		};
		242D437325A441990073C497 /* Products */ = {
			isa = PBXGroup;
			children = (
				242D437225A441990073C497 /* 1697숨바꼭질_re */,
>>>>>>> 2d544aaf8852ad1c6874d9c0f253c339e86c2866
			);
			name = Products;
			sourceTree = "<group>";
		};
<<<<<<< HEAD
		281D613D25EB9EE900BE59F8 /* 1697숨바꼭질_re */ = {
			isa = PBXGroup;
			children = (
				281D613E25EB9EE900BE59F8 /* main.cpp */,
=======
		242D437425A441990073C497 /* 1697숨바꼭질_re */ = {
			isa = PBXGroup;
			children = (
				242D437525A441990073C497 /* main.cpp */,
>>>>>>> 2d544aaf8852ad1c6874d9c0f253c339e86c2866
			);
			path = "1697숨바꼭질_re";
			sourceTree = "<group>";
		};
/* End PBXGroup section */

/* Begin PBXNativeTarget section */
<<<<<<< HEAD
		281D613A25EB9EE900BE59F8 /* 1697숨바꼭질_re */ = {
			isa = PBXNativeTarget;
			buildConfigurationList = 281D614225EB9EE900BE59F8 /* Build configuration list for PBXNativeTarget "1697숨바꼭질_re" */;
			buildPhases = (
				281D613725EB9EE900BE59F8 /* Sources */,
				281D613825EB9EE900BE59F8 /* Frameworks */,
				281D613925EB9EE900BE59F8 /* CopyFiles */,
=======
		242D437125A441990073C497 /* 1697숨바꼭질_re */ = {
			isa = PBXNativeTarget;
			buildConfigurationList = 242D437925A441990073C497 /* Build configuration list for PBXNativeTarget "1697숨바꼭질_re" */;
			buildPhases = (
				242D436E25A441990073C497 /* Sources */,
				242D436F25A441990073C497 /* Frameworks */,
				242D437025A441990073C497 /* CopyFiles */,
>>>>>>> 2d544aaf8852ad1c6874d9c0f253c339e86c2866
			);
			buildRules = (
			);
			dependencies = (
			);
			name = "1697숨바꼭질_re";
			productName = "1697숨바꼭질_re";
<<<<<<< HEAD
			productReference = 281D613B25EB9EE900BE59F8 /* 1697숨바꼭질_re */;
=======
			productReference = 242D437225A441990073C497 /* 1697숨바꼭질_re */;
>>>>>>> 2d544aaf8852ad1c6874d9c0f253c339e86c2866
			productType = "com.apple.product-type.tool";
		};
/* End PBXNativeTarget section */

/* Begin PBXProject section */
<<<<<<< HEAD
		281D613325EB9EE900BE59F8 /* Project object */ = {
			isa = PBXProject;
			attributes = {
				LastUpgradeCheck = 1200;
				TargetAttributes = {
					281D613A25EB9EE900BE59F8 = {
						CreatedOnToolsVersion = 12.0.1;
					};
				};
			};
			buildConfigurationList = 281D613625EB9EE900BE59F8 /* Build configuration list for PBXProject "1697숨바꼭질_re" */;
=======
		242D436A25A441990073C497 /* Project object */ = {
			isa = PBXProject;
			attributes = {
				LastUpgradeCheck = 1230;
				TargetAttributes = {
					242D437125A441990073C497 = {
						CreatedOnToolsVersion = 12.3;
					};
				};
			};
			buildConfigurationList = 242D436D25A441990073C497 /* Build configuration list for PBXProject "1697숨바꼭질_re" */;
>>>>>>> 2d544aaf8852ad1c6874d9c0f253c339e86c2866
			compatibilityVersion = "Xcode 9.3";
			developmentRegion = en;
			hasScannedForEncodings = 0;
			knownRegions = (
				en,
				Base,
			);
<<<<<<< HEAD
			mainGroup = 281D613225EB9EE900BE59F8;
			productRefGroup = 281D613C25EB9EE900BE59F8 /* Products */;
			projectDirPath = "";
			projectRoot = "";
			targets = (
				281D613A25EB9EE900BE59F8 /* 1697숨바꼭질_re */,
=======
			mainGroup = 242D436925A441990073C497;
			productRefGroup = 242D437325A441990073C497 /* Products */;
			projectDirPath = "";
			projectRoot = "";
			targets = (
				242D437125A441990073C497 /* 1697숨바꼭질_re */,
>>>>>>> 2d544aaf8852ad1c6874d9c0f253c339e86c2866
			);
		};
/* End PBXProject section */

/* Begin PBXSourcesBuildPhase section */
<<<<<<< HEAD
		281D613725EB9EE900BE59F8 /* Sources */ = {
			isa = PBXSourcesBuildPhase;
			buildActionMask = 2147483647;
			files = (
				281D613F25EB9EE900BE59F8 /* main.cpp in Sources */,
=======
		242D436E25A441990073C497 /* Sources */ = {
			isa = PBXSourcesBuildPhase;
			buildActionMask = 2147483647;
			files = (
				242D437625A441990073C497 /* main.cpp in Sources */,
>>>>>>> 2d544aaf8852ad1c6874d9c0f253c339e86c2866
			);
			runOnlyForDeploymentPostprocessing = 0;
		};
/* End PBXSourcesBuildPhase section */

/* Begin XCBuildConfiguration section */
<<<<<<< HEAD
		281D614025EB9EE900BE59F8 /* Debug */ = {
=======
		242D437725A441990073C497 /* Debug */ = {
>>>>>>> 2d544aaf8852ad1c6874d9c0f253c339e86c2866
			isa = XCBuildConfiguration;
			buildSettings = {
				ALWAYS_SEARCH_USER_PATHS = NO;
				CLANG_ANALYZER_NONNULL = YES;
				CLANG_ANALYZER_NUMBER_OBJECT_CONVERSION = YES_AGGRESSIVE;
				CLANG_CXX_LANGUAGE_STANDARD = "gnu++14";
				CLANG_CXX_LIBRARY = "libc++";
				CLANG_ENABLE_MODULES = YES;
				CLANG_ENABLE_OBJC_ARC = YES;
				CLANG_ENABLE_OBJC_WEAK = YES;
				CLANG_WARN_BLOCK_CAPTURE_AUTORELEASING = YES;
				CLANG_WARN_BOOL_CONVERSION = YES;
				CLANG_WARN_COMMA = YES;
				CLANG_WARN_CONSTANT_CONVERSION = YES;
				CLANG_WARN_DEPRECATED_OBJC_IMPLEMENTATIONS = YES;
				CLANG_WARN_DIRECT_OBJC_ISA_USAGE = YES_ERROR;
				CLANG_WARN_DOCUMENTATION_COMMENTS = YES;
				CLANG_WARN_EMPTY_BODY = YES;
				CLANG_WARN_ENUM_CONVERSION = YES;
				CLANG_WARN_INFINITE_RECURSION = YES;
				CLANG_WARN_INT_CONVERSION = YES;
				CLANG_WARN_NON_LITERAL_NULL_CONVERSION = YES;
				CLANG_WARN_OBJC_IMPLICIT_RETAIN_SELF = YES;
				CLANG_WARN_OBJC_LITERAL_CONVERSION = YES;
				CLANG_WARN_OBJC_ROOT_CLASS = YES_ERROR;
				CLANG_WARN_QUOTED_INCLUDE_IN_FRAMEWORK_HEADER = YES;
				CLANG_WARN_RANGE_LOOP_ANALYSIS = YES;
				CLANG_WARN_STRICT_PROTOTYPES = YES;
				CLANG_WARN_SUSPICIOUS_MOVE = YES;
				CLANG_WARN_UNGUARDED_AVAILABILITY = YES_AGGRESSIVE;
				CLANG_WARN_UNREACHABLE_CODE = YES;
				CLANG_WARN__DUPLICATE_METHOD_MATCH = YES;
				COPY_PHASE_STRIP = NO;
				DEBUG_INFORMATION_FORMAT = dwarf;
				ENABLE_STRICT_OBJC_MSGSEND = YES;
				ENABLE_TESTABILITY = YES;
				GCC_C_LANGUAGE_STANDARD = gnu11;
				GCC_DYNAMIC_NO_PIC = NO;
				GCC_NO_COMMON_BLOCKS = YES;
				GCC_OPTIMIZATION_LEVEL = 0;
				GCC_PREPROCESSOR_DEFINITIONS = (
					"DEBUG=1",
					"$(inherited)",
				);
				GCC_WARN_64_TO_32_BIT_CONVERSION = YES;
				GCC_WARN_ABOUT_RETURN_TYPE = YES_ERROR;
				GCC_WARN_UNDECLARED_SELECTOR = YES;
				GCC_WARN_UNINITIALIZED_AUTOS = YES_AGGRESSIVE;
				GCC_WARN_UNUSED_FUNCTION = YES;
				GCC_WARN_UNUSED_VARIABLE = YES;
				MACOSX_DEPLOYMENT_TARGET = 10.15;
				MTL_ENABLE_DEBUG_INFO = INCLUDE_SOURCE;
				MTL_FAST_MATH = YES;
				ONLY_ACTIVE_ARCH = YES;
				SDKROOT = macosx;
			};
			name = Debug;
		};
<<<<<<< HEAD
		281D614125EB9EE900BE59F8 /* Release */ = {
=======
		242D437825A441990073C497 /* Release */ = {
>>>>>>> 2d544aaf8852ad1c6874d9c0f253c339e86c2866
			isa = XCBuildConfiguration;
			buildSettings = {
				ALWAYS_SEARCH_USER_PATHS = NO;
				CLANG_ANALYZER_NONNULL = YES;
				CLANG_ANALYZER_NUMBER_OBJECT_CONVERSION = YES_AGGRESSIVE;
				CLANG_CXX_LANGUAGE_STANDARD = "gnu++14";
				CLANG_CXX_LIBRARY = "libc++";
				CLANG_ENABLE_MODULES = YES;
				CLANG_ENABLE_OBJC_ARC = YES;
				CLANG_ENABLE_OBJC_WEAK = YES;
				CLANG_WARN_BLOCK_CAPTURE_AUTORELEASING = YES;
				CLANG_WARN_BOOL_CONVERSION = YES;
				CLANG_WARN_COMMA = YES;
				CLANG_WARN_CONSTANT_CONVERSION = YES;
				CLANG_WARN_DEPRECATED_OBJC_IMPLEMENTATIONS = YES;
				CLANG_WARN_DIRECT_OBJC_ISA_USAGE = YES_ERROR;
				CLANG_WARN_DOCUMENTATION_COMMENTS = YES;
				CLANG_WARN_EMPTY_BODY = YES;
				CLANG_WARN_ENUM_CONVERSION = YES;
				CLANG_WARN_INFINITE_RECURSION = YES;
				CLANG_WARN_INT_CONVERSION = YES;
				CLANG_WARN_NON_LITERAL_NULL_CONVERSION = YES;
				CLANG_WARN_OBJC_IMPLICIT_RETAIN_SELF = YES;
				CLANG_WARN_OBJC_LITERAL_CONVERSION = YES;
				CLANG_WARN_OBJC_ROOT_CLASS = YES_ERROR;
				CLANG_WARN_QUOTED_INCLUDE_IN_FRAMEWORK_HEADER = YES;
				CLANG_WARN_RANGE_LOOP_ANALYSIS = YES;
				CLANG_WARN_STRICT_PROTOTYPES = YES;
				CLANG_WARN_SUSPICIOUS_MOVE = YES;
				CLANG_WARN_UNGUARDED_AVAILABILITY = YES_AGGRESSIVE;
				CLANG_WARN_UNREACHABLE_CODE = YES;
				CLANG_WARN__DUPLICATE_METHOD_MATCH = YES;
				COPY_PHASE_STRIP = NO;
				DEBUG_INFORMATION_FORMAT = "dwarf-with-dsym";
				ENABLE_NS_ASSERTIONS = NO;
				ENABLE_STRICT_OBJC_MSGSEND = YES;
				GCC_C_LANGUAGE_STANDARD = gnu11;
				GCC_NO_COMMON_BLOCKS = YES;
				GCC_WARN_64_TO_32_BIT_CONVERSION = YES;
				GCC_WARN_ABOUT_RETURN_TYPE = YES_ERROR;
				GCC_WARN_UNDECLARED_SELECTOR = YES;
				GCC_WARN_UNINITIALIZED_AUTOS = YES_AGGRESSIVE;
				GCC_WARN_UNUSED_FUNCTION = YES;
				GCC_WARN_UNUSED_VARIABLE = YES;
				MACOSX_DEPLOYMENT_TARGET = 10.15;
				MTL_ENABLE_DEBUG_INFO = NO;
				MTL_FAST_MATH = YES;
				SDKROOT = macosx;
			};
			name = Release;
		};
<<<<<<< HEAD
		281D614325EB9EE900BE59F8 /* Debug */ = {
=======
		242D437A25A441990073C497 /* Debug */ = {
>>>>>>> 2d544aaf8852ad1c6874d9c0f253c339e86c2866
			isa = XCBuildConfiguration;
			buildSettings = {
				CODE_SIGN_STYLE = Automatic;
				PRODUCT_NAME = "$(TARGET_NAME)";
			};
			name = Debug;
		};
<<<<<<< HEAD
		281D614425EB9EE900BE59F8 /* Release */ = {
=======
		242D437B25A441990073C497 /* Release */ = {
>>>>>>> 2d544aaf8852ad1c6874d9c0f253c339e86c2866
			isa = XCBuildConfiguration;
			buildSettings = {
				CODE_SIGN_STYLE = Automatic;
				PRODUCT_NAME = "$(TARGET_NAME)";
			};
			name = Release;
		};
/* End XCBuildConfiguration section */

/* Begin XCConfigurationList section */
<<<<<<< HEAD
		281D613625EB9EE900BE59F8 /* Build configuration list for PBXProject "1697숨바꼭질_re" */ = {
			isa = XCConfigurationList;
			buildConfigurations = (
				281D614025EB9EE900BE59F8 /* Debug */,
				281D614125EB9EE900BE59F8 /* Release */,
=======
		242D436D25A441990073C497 /* Build configuration list for PBXProject "1697숨바꼭질_re" */ = {
			isa = XCConfigurationList;
			buildConfigurations = (
				242D437725A441990073C497 /* Debug */,
				242D437825A441990073C497 /* Release */,
>>>>>>> 2d544aaf8852ad1c6874d9c0f253c339e86c2866
			);
			defaultConfigurationIsVisible = 0;
			defaultConfigurationName = Release;
		};
<<<<<<< HEAD
		281D614225EB9EE900BE59F8 /* Build configuration list for PBXNativeTarget "1697숨바꼭질_re" */ = {
			isa = XCConfigurationList;
			buildConfigurations = (
				281D614325EB9EE900BE59F8 /* Debug */,
				281D614425EB9EE900BE59F8 /* Release */,
=======
		242D437925A441990073C497 /* Build configuration list for PBXNativeTarget "1697숨바꼭질_re" */ = {
			isa = XCConfigurationList;
			buildConfigurations = (
				242D437A25A441990073C497 /* Debug */,
				242D437B25A441990073C497 /* Release */,
>>>>>>> 2d544aaf8852ad1c6874d9c0f253c339e86c2866
			);
			defaultConfigurationIsVisible = 0;
			defaultConfigurationName = Release;
		};
/* End XCConfigurationList section */
	};
<<<<<<< HEAD
	rootObject = 281D613325EB9EE900BE59F8 /* Project object */;
=======
	rootObject = 242D436A25A441990073C497 /* Project object */;
>>>>>>> 2d544aaf8852ad1c6874d9c0f253c339e86c2866
}
