// !$*UTF8*$!
{
	archiveVersion = 1;
	classes = {
	};
	objectVersion = 50;
	objects = {

/* Begin PBXBuildFile section */
<<<<<<< HEAD
		28C71D962397E30200530F73 /* main.cpp in Sources */ = {isa = PBXBuildFile; fileRef = 28C71D952397E30200530F73 /* main.cpp */; };
/* End PBXBuildFile section */

/* Begin PBXCopyFilesBuildPhase section */
		28C71D902397E30200530F73 /* CopyFiles */ = {
=======
		24658AE0240D098D005558F0 /* main.cpp in Sources */ = {isa = PBXBuildFile; fileRef = 24658ADF240D098D005558F0 /* main.cpp */; };
/* End PBXBuildFile section */

/* Begin PBXCopyFilesBuildPhase section */
		24658ADA240D098D005558F0 /* CopyFiles */ = {
>>>>>>> a44af2984420b7dcf3cdd5d89b08701fc040bc54
			isa = PBXCopyFilesBuildPhase;
			buildActionMask = 2147483647;
			dstPath = /usr/share/man/man1/;
			dstSubfolderSpec = 0;
			files = (
			);
			runOnlyForDeploymentPostprocessing = 1;
		};
/* End PBXCopyFilesBuildPhase section */

/* Begin PBXFileReference section */
<<<<<<< HEAD
		28C71D922397E30200530F73 /* 1431시리얼번호 */ = {isa = PBXFileReference; explicitFileType = "compiled.mach-o.executable"; includeInIndex = 0; path = "1431시리얼번호"; sourceTree = BUILT_PRODUCTS_DIR; };
		28C71D952397E30200530F73 /* main.cpp */ = {isa = PBXFileReference; lastKnownFileType = sourcecode.cpp.cpp; path = main.cpp; sourceTree = "<group>"; };
/* End PBXFileReference section */

/* Begin PBXFrameworksBuildPhase section */
		28C71D8F2397E30200530F73 /* Frameworks */ = {
=======
		24658ADC240D098D005558F0 /* 1431시리얼번호 */ = {isa = PBXFileReference; explicitFileType = "compiled.mach-o.executable"; includeInIndex = 0; path = "1431시리얼번호"; sourceTree = BUILT_PRODUCTS_DIR; };
		24658ADF240D098D005558F0 /* main.cpp */ = {isa = PBXFileReference; lastKnownFileType = sourcecode.cpp.cpp; path = main.cpp; sourceTree = "<group>"; };
/* End PBXFileReference section */

/* Begin PBXFrameworksBuildPhase section */
		24658AD9240D098D005558F0 /* Frameworks */ = {
>>>>>>> a44af2984420b7dcf3cdd5d89b08701fc040bc54
			isa = PBXFrameworksBuildPhase;
			buildActionMask = 2147483647;
			files = (
			);
			runOnlyForDeploymentPostprocessing = 0;
		};
/* End PBXFrameworksBuildPhase section */

/* Begin PBXGroup section */
<<<<<<< HEAD
		28C71D892397E30100530F73 = {
			isa = PBXGroup;
			children = (
				28C71D942397E30200530F73 /* 1431시리얼번호 */,
				28C71D932397E30200530F73 /* Products */,
			);
			sourceTree = "<group>";
		};
		28C71D932397E30200530F73 /* Products */ = {
			isa = PBXGroup;
			children = (
				28C71D922397E30200530F73 /* 1431시리얼번호 */,
=======
		24658AD3240D098D005558F0 = {
			isa = PBXGroup;
			children = (
				24658ADE240D098D005558F0 /* 1431시리얼번호 */,
				24658ADD240D098D005558F0 /* Products */,
			);
			sourceTree = "<group>";
		};
		24658ADD240D098D005558F0 /* Products */ = {
			isa = PBXGroup;
			children = (
				24658ADC240D098D005558F0 /* 1431시리얼번호 */,
>>>>>>> a44af2984420b7dcf3cdd5d89b08701fc040bc54
			);
			name = Products;
			sourceTree = "<group>";
		};
<<<<<<< HEAD
		28C71D942397E30200530F73 /* 1431시리얼번호 */ = {
			isa = PBXGroup;
			children = (
				28C71D952397E30200530F73 /* main.cpp */,
=======
		24658ADE240D098D005558F0 /* 1431시리얼번호 */ = {
			isa = PBXGroup;
			children = (
				24658ADF240D098D005558F0 /* main.cpp */,
>>>>>>> a44af2984420b7dcf3cdd5d89b08701fc040bc54
			);
			path = "1431시리얼번호";
			sourceTree = "<group>";
		};
/* End PBXGroup section */

/* Begin PBXNativeTarget section */
<<<<<<< HEAD
		28C71D912397E30200530F73 /* 1431시리얼번호 */ = {
			isa = PBXNativeTarget;
			buildConfigurationList = 28C71D992397E30200530F73 /* Build configuration list for PBXNativeTarget "1431시리얼번호" */;
			buildPhases = (
				28C71D8E2397E30200530F73 /* Sources */,
				28C71D8F2397E30200530F73 /* Frameworks */,
				28C71D902397E30200530F73 /* CopyFiles */,
=======
		24658ADB240D098D005558F0 /* 1431시리얼번호 */ = {
			isa = PBXNativeTarget;
			buildConfigurationList = 24658AE3240D098D005558F0 /* Build configuration list for PBXNativeTarget "1431시리얼번호" */;
			buildPhases = (
				24658AD8240D098D005558F0 /* Sources */,
				24658AD9240D098D005558F0 /* Frameworks */,
				24658ADA240D098D005558F0 /* CopyFiles */,
>>>>>>> a44af2984420b7dcf3cdd5d89b08701fc040bc54
			);
			buildRules = (
			);
			dependencies = (
			);
			name = "1431시리얼번호";
			productName = "1431시리얼번호";
<<<<<<< HEAD
			productReference = 28C71D922397E30200530F73 /* 1431시리얼번호 */;
=======
			productReference = 24658ADC240D098D005558F0 /* 1431시리얼번호 */;
>>>>>>> a44af2984420b7dcf3cdd5d89b08701fc040bc54
			productType = "com.apple.product-type.tool";
		};
/* End PBXNativeTarget section */

/* Begin PBXProject section */
<<<<<<< HEAD
		28C71D8A2397E30200530F73 /* Project object */ = {
			isa = PBXProject;
			attributes = {
				LastUpgradeCheck = 1110;
				ORGANIZATIONNAME = "김다은";
				TargetAttributes = {
					28C71D912397E30200530F73 = {
						CreatedOnToolsVersion = 11.1;
					};
				};
			};
			buildConfigurationList = 28C71D8D2397E30200530F73 /* Build configuration list for PBXProject "1431시리얼번호" */;
=======
		24658AD4240D098D005558F0 /* Project object */ = {
			isa = PBXProject;
			attributes = {
				LastUpgradeCheck = 1130;
				ORGANIZATIONNAME = "김다은";
				TargetAttributes = {
					24658ADB240D098D005558F0 = {
						CreatedOnToolsVersion = 11.3.1;
					};
				};
			};
			buildConfigurationList = 24658AD7240D098D005558F0 /* Build configuration list for PBXProject "1431시리얼번호" */;
>>>>>>> a44af2984420b7dcf3cdd5d89b08701fc040bc54
			compatibilityVersion = "Xcode 9.3";
			developmentRegion = en;
			hasScannedForEncodings = 0;
			knownRegions = (
				en,
				Base,
			);
<<<<<<< HEAD
			mainGroup = 28C71D892397E30100530F73;
			productRefGroup = 28C71D932397E30200530F73 /* Products */;
			projectDirPath = "";
			projectRoot = "";
			targets = (
				28C71D912397E30200530F73 /* 1431시리얼번호 */,
=======
			mainGroup = 24658AD3240D098D005558F0;
			productRefGroup = 24658ADD240D098D005558F0 /* Products */;
			projectDirPath = "";
			projectRoot = "";
			targets = (
				24658ADB240D098D005558F0 /* 1431시리얼번호 */,
>>>>>>> a44af2984420b7dcf3cdd5d89b08701fc040bc54
			);
		};
/* End PBXProject section */

/* Begin PBXSourcesBuildPhase section */
<<<<<<< HEAD
		28C71D8E2397E30200530F73 /* Sources */ = {
			isa = PBXSourcesBuildPhase;
			buildActionMask = 2147483647;
			files = (
				28C71D962397E30200530F73 /* main.cpp in Sources */,
=======
		24658AD8240D098D005558F0 /* Sources */ = {
			isa = PBXSourcesBuildPhase;
			buildActionMask = 2147483647;
			files = (
				24658AE0240D098D005558F0 /* main.cpp in Sources */,
>>>>>>> a44af2984420b7dcf3cdd5d89b08701fc040bc54
			);
			runOnlyForDeploymentPostprocessing = 0;
		};
/* End PBXSourcesBuildPhase section */

/* Begin XCBuildConfiguration section */
<<<<<<< HEAD
		28C71D972397E30200530F73 /* Debug */ = {
=======
		24658AE1240D098D005558F0 /* Debug */ = {
>>>>>>> a44af2984420b7dcf3cdd5d89b08701fc040bc54
			isa = XCBuildConfiguration;
			buildSettings = {
				ALWAYS_SEARCH_USER_PATHS = NO;
				CLANG_ANALYZER_NONNULL = YES;
				CLANG_ANALYZER_NUMBER_OBJECT_CONVERSION = YES_AGGRESSIVE;
				CLANG_CXX_LANGUAGE_STANDARD = "gnu++14";
				CLANG_CXX_LIBRARY = "libc++";
				CLANG_ENABLE_MODULES = YES;
				CLANG_ENABLE_OBJC_ARC = YES;
				CLANG_ENABLE_OBJC_WEAK = YES;
				CLANG_WARN_BLOCK_CAPTURE_AUTORELEASING = YES;
				CLANG_WARN_BOOL_CONVERSION = YES;
				CLANG_WARN_COMMA = YES;
				CLANG_WARN_CONSTANT_CONVERSION = YES;
				CLANG_WARN_DEPRECATED_OBJC_IMPLEMENTATIONS = YES;
				CLANG_WARN_DIRECT_OBJC_ISA_USAGE = YES_ERROR;
				CLANG_WARN_DOCUMENTATION_COMMENTS = YES;
				CLANG_WARN_EMPTY_BODY = YES;
				CLANG_WARN_ENUM_CONVERSION = YES;
				CLANG_WARN_INFINITE_RECURSION = YES;
				CLANG_WARN_INT_CONVERSION = YES;
				CLANG_WARN_NON_LITERAL_NULL_CONVERSION = YES;
				CLANG_WARN_OBJC_IMPLICIT_RETAIN_SELF = YES;
				CLANG_WARN_OBJC_LITERAL_CONVERSION = YES;
				CLANG_WARN_OBJC_ROOT_CLASS = YES_ERROR;
				CLANG_WARN_RANGE_LOOP_ANALYSIS = YES;
				CLANG_WARN_STRICT_PROTOTYPES = YES;
				CLANG_WARN_SUSPICIOUS_MOVE = YES;
				CLANG_WARN_UNGUARDED_AVAILABILITY = YES_AGGRESSIVE;
				CLANG_WARN_UNREACHABLE_CODE = YES;
				CLANG_WARN__DUPLICATE_METHOD_MATCH = YES;
				COPY_PHASE_STRIP = NO;
				DEBUG_INFORMATION_FORMAT = dwarf;
				ENABLE_STRICT_OBJC_MSGSEND = YES;
				ENABLE_TESTABILITY = YES;
				GCC_C_LANGUAGE_STANDARD = gnu11;
				GCC_DYNAMIC_NO_PIC = NO;
				GCC_NO_COMMON_BLOCKS = YES;
				GCC_OPTIMIZATION_LEVEL = 0;
				GCC_PREPROCESSOR_DEFINITIONS = (
					"DEBUG=1",
					"$(inherited)",
				);
				GCC_WARN_64_TO_32_BIT_CONVERSION = YES;
				GCC_WARN_ABOUT_RETURN_TYPE = YES_ERROR;
				GCC_WARN_UNDECLARED_SELECTOR = YES;
				GCC_WARN_UNINITIALIZED_AUTOS = YES_AGGRESSIVE;
				GCC_WARN_UNUSED_FUNCTION = YES;
				GCC_WARN_UNUSED_VARIABLE = YES;
<<<<<<< HEAD
				MACOSX_DEPLOYMENT_TARGET = 10.14;
=======
				MACOSX_DEPLOYMENT_TARGET = 10.15;
>>>>>>> a44af2984420b7dcf3cdd5d89b08701fc040bc54
				MTL_ENABLE_DEBUG_INFO = INCLUDE_SOURCE;
				MTL_FAST_MATH = YES;
				ONLY_ACTIVE_ARCH = YES;
				SDKROOT = macosx;
			};
			name = Debug;
		};
<<<<<<< HEAD
		28C71D982397E30200530F73 /* Release */ = {
=======
		24658AE2240D098D005558F0 /* Release */ = {
>>>>>>> a44af2984420b7dcf3cdd5d89b08701fc040bc54
			isa = XCBuildConfiguration;
			buildSettings = {
				ALWAYS_SEARCH_USER_PATHS = NO;
				CLANG_ANALYZER_NONNULL = YES;
				CLANG_ANALYZER_NUMBER_OBJECT_CONVERSION = YES_AGGRESSIVE;
				CLANG_CXX_LANGUAGE_STANDARD = "gnu++14";
				CLANG_CXX_LIBRARY = "libc++";
				CLANG_ENABLE_MODULES = YES;
				CLANG_ENABLE_OBJC_ARC = YES;
				CLANG_ENABLE_OBJC_WEAK = YES;
				CLANG_WARN_BLOCK_CAPTURE_AUTORELEASING = YES;
				CLANG_WARN_BOOL_CONVERSION = YES;
				CLANG_WARN_COMMA = YES;
				CLANG_WARN_CONSTANT_CONVERSION = YES;
				CLANG_WARN_DEPRECATED_OBJC_IMPLEMENTATIONS = YES;
				CLANG_WARN_DIRECT_OBJC_ISA_USAGE = YES_ERROR;
				CLANG_WARN_DOCUMENTATION_COMMENTS = YES;
				CLANG_WARN_EMPTY_BODY = YES;
				CLANG_WARN_ENUM_CONVERSION = YES;
				CLANG_WARN_INFINITE_RECURSION = YES;
				CLANG_WARN_INT_CONVERSION = YES;
				CLANG_WARN_NON_LITERAL_NULL_CONVERSION = YES;
				CLANG_WARN_OBJC_IMPLICIT_RETAIN_SELF = YES;
				CLANG_WARN_OBJC_LITERAL_CONVERSION = YES;
				CLANG_WARN_OBJC_ROOT_CLASS = YES_ERROR;
				CLANG_WARN_RANGE_LOOP_ANALYSIS = YES;
				CLANG_WARN_STRICT_PROTOTYPES = YES;
				CLANG_WARN_SUSPICIOUS_MOVE = YES;
				CLANG_WARN_UNGUARDED_AVAILABILITY = YES_AGGRESSIVE;
				CLANG_WARN_UNREACHABLE_CODE = YES;
				CLANG_WARN__DUPLICATE_METHOD_MATCH = YES;
				COPY_PHASE_STRIP = NO;
				DEBUG_INFORMATION_FORMAT = "dwarf-with-dsym";
				ENABLE_NS_ASSERTIONS = NO;
				ENABLE_STRICT_OBJC_MSGSEND = YES;
				GCC_C_LANGUAGE_STANDARD = gnu11;
				GCC_NO_COMMON_BLOCKS = YES;
				GCC_WARN_64_TO_32_BIT_CONVERSION = YES;
				GCC_WARN_ABOUT_RETURN_TYPE = YES_ERROR;
				GCC_WARN_UNDECLARED_SELECTOR = YES;
				GCC_WARN_UNINITIALIZED_AUTOS = YES_AGGRESSIVE;
				GCC_WARN_UNUSED_FUNCTION = YES;
				GCC_WARN_UNUSED_VARIABLE = YES;
<<<<<<< HEAD
				MACOSX_DEPLOYMENT_TARGET = 10.14;
=======
				MACOSX_DEPLOYMENT_TARGET = 10.15;
>>>>>>> a44af2984420b7dcf3cdd5d89b08701fc040bc54
				MTL_ENABLE_DEBUG_INFO = NO;
				MTL_FAST_MATH = YES;
				SDKROOT = macosx;
			};
			name = Release;
		};
<<<<<<< HEAD
		28C71D9A2397E30200530F73 /* Debug */ = {
=======
		24658AE4240D098D005558F0 /* Debug */ = {
>>>>>>> a44af2984420b7dcf3cdd5d89b08701fc040bc54
			isa = XCBuildConfiguration;
			buildSettings = {
				CODE_SIGN_STYLE = Automatic;
				PRODUCT_NAME = "$(TARGET_NAME)";
			};
			name = Debug;
		};
<<<<<<< HEAD
		28C71D9B2397E30200530F73 /* Release */ = {
=======
		24658AE5240D098D005558F0 /* Release */ = {
>>>>>>> a44af2984420b7dcf3cdd5d89b08701fc040bc54
			isa = XCBuildConfiguration;
			buildSettings = {
				CODE_SIGN_STYLE = Automatic;
				PRODUCT_NAME = "$(TARGET_NAME)";
			};
			name = Release;
		};
/* End XCBuildConfiguration section */

/* Begin XCConfigurationList section */
<<<<<<< HEAD
		28C71D8D2397E30200530F73 /* Build configuration list for PBXProject "1431시리얼번호" */ = {
			isa = XCConfigurationList;
			buildConfigurations = (
				28C71D972397E30200530F73 /* Debug */,
				28C71D982397E30200530F73 /* Release */,
=======
		24658AD7240D098D005558F0 /* Build configuration list for PBXProject "1431시리얼번호" */ = {
			isa = XCConfigurationList;
			buildConfigurations = (
				24658AE1240D098D005558F0 /* Debug */,
				24658AE2240D098D005558F0 /* Release */,
>>>>>>> a44af2984420b7dcf3cdd5d89b08701fc040bc54
			);
			defaultConfigurationIsVisible = 0;
			defaultConfigurationName = Release;
		};
<<<<<<< HEAD
		28C71D992397E30200530F73 /* Build configuration list for PBXNativeTarget "1431시리얼번호" */ = {
			isa = XCConfigurationList;
			buildConfigurations = (
				28C71D9A2397E30200530F73 /* Debug */,
				28C71D9B2397E30200530F73 /* Release */,
=======
		24658AE3240D098D005558F0 /* Build configuration list for PBXNativeTarget "1431시리얼번호" */ = {
			isa = XCConfigurationList;
			buildConfigurations = (
				24658AE4240D098D005558F0 /* Debug */,
				24658AE5240D098D005558F0 /* Release */,
>>>>>>> a44af2984420b7dcf3cdd5d89b08701fc040bc54
			);
			defaultConfigurationIsVisible = 0;
			defaultConfigurationName = Release;
		};
/* End XCConfigurationList section */
	};
<<<<<<< HEAD
	rootObject = 28C71D8A2397E30200530F73 /* Project object */;
=======
	rootObject = 24658AD4240D098D005558F0 /* Project object */;
>>>>>>> a44af2984420b7dcf3cdd5d89b08701fc040bc54
}
